// !$*UTF8*$!
{
	archiveVersion = 1;
	classes = {
	};
	objectVersion = 46;
	objects = {

/* Begin PBXBuildFile section */
		3D5742CE18B426730060E1FA /* INT_Facebook.png in Resources */ = {isa = PBXBuildFile; fileRef = 3D5742CD18B426730060E1FA /* INT_Facebook.png */; };
		C41E518A9EAAF4978DA68337 /* DataBase.swift in Sources */ = {isa = PBXBuildFile; fileRef = FD1EB054B3E2C5B75D5CB926 /* DataBase.swift */; };
		A5BDAF588AB8030B5D20AD54 /* BasicTable.swift in Sources */ = {isa = PBXBuildFile; fileRef = 8C63F4580BD7E81E160D199F /* BasicTable.swift */; };
		3DB8C65318A97A8A0044B6BA /* BasicTable.xib in Resources */ = {isa = PBXBuildFile; fileRef = 3DB8C64D18A97A8A0044B6BA /* BasicTable.xib */; };
		3DB8C65418A97A8A0044B6BA /* arrow.png in Resources */ = {isa = PBXBuildFile; fileRef = 3DB8C64E18A97A8A0044B6BA /* arrow.png */; };
		F1324F35DA7D84B32EB808E6 /* ComboBox.swift in Sources */ = {isa = PBXBuildFile; fileRef = 902E1A6BF15DE520B7643BC8 /* ComboBox.swift */; };
		3DB8C65618A97A8B0044B6BA /* ComboBox.xib in Resources */ = {isa = PBXBuildFile; fileRef = 3DB8C65118A97A8A0044B6BA /* ComboBox.xib */; };
		3DB8C65918A982280044B6BA /* libsqlite3.0.dylib in Frameworks */ = {isa = PBXBuildFile; fileRef = 3DB8C65818A982280044B6BA /* libsqlite3.0.dylib */; };
		3BDEF949FE2A50A1C57A1D43 /* Subtitulados.swift in Sources */ = {isa = PBXBuildFile; fileRef = D4595A0C727A06AA57EF110F /* Subtitulados.swift */; };
		3DC156CE18A952C90071C12F /* Foundation.framework in Frameworks */ = {isa = PBXBuildFile; fileRef = 3DC156CD18A952C90071C12F /* Foundation.framework */; };
		3DC156D018A952C90071C12F /* CoreGraphics.framework in Frameworks */ = {isa = PBXBuildFile; fileRef = 3DC156CF18A952C90071C12F /* CoreGraphics.framework */; };
		3DC156D218A952C90071C12F /* UIKit.framework in Frameworks */ = {isa = PBXBuildFile; fileRef = 3DC156D118A952C90071C12F /* UIKit.framework */; };
		3DC156D818A952C90071C12F /* InfoPlist.strings in Resources */ = {isa = PBXBuildFile; fileRef = 3DC156D618A952C90071C12F /* InfoPlist.strings */; };
		3DC156DA18A952C90071C12F /* main.m in Sources */ = {isa = PBXBuildFile; fileRef = 3DC156D918A952C90071C12F /* main.m */; };
		3DC156DE18A952C90071C12F /* AppDelegate.m in Sources */ = {isa = PBXBuildFile; fileRef = 3DC156DD18A952C90071C12F /* AppDelegate.m */; };
		3DC156E018A952C90071C12F /* Images.xcassets in Resources */ = {isa = PBXBuildFile; fileRef = 3DC156DF18A952C90071C12F /* Images.xcassets */; };
		3DC156E718A952C90071C12F /* XCTest.framework in Frameworks */ = {isa = PBXBuildFile; fileRef = 3DC156E618A952C90071C12F /* XCTest.framework */; };
		3DC156E818A952C90071C12F /* Foundation.framework in Frameworks */ = {isa = PBXBuildFile; fileRef = 3DC156CD18A952C90071C12F /* Foundation.framework */; };
		3DC156E918A952C90071C12F /* UIKit.framework in Frameworks */ = {isa = PBXBuildFile; fileRef = 3DC156D118A952C90071C12F /* UIKit.framework */; };
		3DC156F118A952C90071C12F /* InfoPlist.strings in Resources */ = {isa = PBXBuildFile; fileRef = 3DC156EF18A952C90071C12F /* InfoPlist.strings */; };
		3DC156F318A952C90071C12F /* RandyTheStudentTests.m in Sources */ = {isa = PBXBuildFile; fileRef = 3DC156F218A952C90071C12F /* RandyTheStudentTests.m */; };
		3DC1570518A953650071C12F /* INT_Tittle.png in Resources */ = {isa = PBXBuildFile; fileRef = 3DC156FE18A953650071C12F /* INT_Tittle.png */; };
		3DC1570618A953650071C12F /* INT_Randy_solo.png in Resources */ = {isa = PBXBuildFile; fileRef = 3DC156FF18A953650071C12F /* INT_Randy_solo.png */; };
		3DC1570718A953650071C12F /* INT_Notittle_randy.png in Resources */ = {isa = PBXBuildFile; fileRef = 3DC1570018A953650071C12F /* INT_Notittle_randy.png */; };
		3DC1570818A953650071C12F /* RandyMenu.m in Sources */ = {isa = PBXBuildFile; fileRef = 3DC1570218A953650071C12F /* RandyMenu.m */; };
		3DC1570918A953650071C12F /* RandyMenu.xib in Resources */ = {isa = PBXBuildFile; fileRef = 3DC1570318A953650071C12F /* RandyMenu.xib */; };
		3DC1570A18A953650071C12F /* RandyMenu_Iphone.xib in Resources */ = {isa = PBXBuildFile; fileRef = 3DC1570418A953650071C12F /* RandyMenu_Iphone.xib */; };
		3DC1570D18A953A30071C12F /* INT_Randy_Main.png in Resources */ = {isa = PBXBuildFile; fileRef = 3DC1570C18A953A30071C12F /* INT_Randy_Main.png */; };
		3DC1571318A9556C0071C12F /* Classes.m in Sources */ = {isa = PBXBuildFile; fileRef = 3DC1571018A9556C0071C12F /* Classes.m */; };
		3DC1571418A9556C0071C12F /* MainViewController_iPhone.xib in Resources */ = {isa = PBXBuildFile; fileRef = 3DC1571118A9556C0071C12F /* MainViewController_iPhone.xib */; };
		3DC1571518A9556C0071C12F /* MainViewController_iPad.xib in Resources */ = {isa = PBXBuildFile; fileRef = 3DC1571218A9556C0071C12F /* MainViewController_iPad.xib */; };
		3DC1571818A955AE0071C12F /* INT_Fondo_Randy.png in Resources */ = {isa = PBXBuildFile; fileRef = 3DC1571718A955AE0071C12F /* INT_Fondo_Randy.png */; };
		EAEC4DECA92A8E3573EEB5B0 /* Credits.swift in Sources */ = {isa = PBXBuildFile; fileRef = EC9ECD63F75D5850AA51AB0E /* Credits.swift */; };
		3DC5CCEA19084533005EA65D /* Credits.xib in Resources */ = {isa = PBXBuildFile; fileRef = 3DC5CCE819084533005EA65D /* Credits.xib */; };
		3DC5CCEC1908455D005EA65D /* INT_Pizarron_clean.png in Resources */ = {isa = PBXBuildFile; fileRef = 3DC5CCEB1908455D005EA65D /* INT_Pizarron_clean.png */; };
		3112F81B393366A1B1A8E94B /* UserPreferences.swift in Sources */ = {isa = PBXBuildFile; fileRef = C137F76D56B0BCFF73167D12 /* UserPreferences.swift */; };
		254358B7F72E5D2D92819ECA /* SmoothedBIView.swift in Sources */ = {isa = PBXBuildFile; fileRef = 75EC0C00CFE71573AD44BD56 /* SmoothedBIView.swift */; };
		75F16E276512442AFBA15BE2 /* InfoCharts.swift in Sources */ = {isa = PBXBuildFile; fileRef = DFB0DFCABF9D0E270297F499 /* InfoCharts.swift */; };
		BE054431BA6E7807A067F9C8 /* PrivacyInfo.xcprivacy in Resources */ = {isa = PBXBuildFile; fileRef = 86716C943C605D88745AC27C /* PrivacyInfo.xcprivacy */; };
/* End PBXBuildFile section */

/* Begin PBXContainerItemProxy section */
		3DC156EA18A952C90071C12F /* PBXContainerItemProxy */ = {
			isa = PBXContainerItemProxy;
			containerPortal = 3DC156C218A952C90071C12F /* Project object */;
			proxyType = 1;
			remoteGlobalIDString = 3DC156C918A952C90071C12F;
			remoteInfo = RandyTheStudent;
		};
/* End PBXContainerItemProxy section */

/* Begin PBXFileReference section */
		3D5742CD18B426730060E1FA /* INT_Facebook.png */ = {isa = PBXFileReference; lastKnownFileType = image.png; path = INT_Facebook.png; sourceTree = "<group>"; };
		FD1EB054B3E2C5B75D5CB926 /* DataBase.swift */ = {isa = PBXFileReference; fileEncoding = 4; lastKnownFileType = sourcecode.swift; path = DataBase.swift; sourceTree = "<group>"; };
		8C63F4580BD7E81E160D199F /* BasicTable.swift */ = {isa = PBXFileReference; fileEncoding = 4; lastKnownFileType = sourcecode.swift; path = BasicTable.swift; sourceTree = "<group>"; };
		3DB8C64D18A97A8A0044B6BA /* BasicTable.xib */ = {isa = PBXFileReference; fileEncoding = 4; lastKnownFileType = file.xib; path = BasicTable.xib; sourceTree = "<group>"; };
		3DB8C64E18A97A8A0044B6BA /* arrow.png */ = {isa = PBXFileReference; lastKnownFileType = image.png; path = arrow.png; sourceTree = "<group>"; };
		902E1A6BF15DE520B7643BC8 /* ComboBox.swift */ = {isa = PBXFileReference; fileEncoding = 4; lastKnownFileType = sourcecode.swift; path = ComboBox.swift; sourceTree = "<group>"; };
		3DB8C65118A97A8A0044B6BA /* ComboBox.xib */ = {isa = PBXFileReference; fileEncoding = 4; lastKnownFileType = file.xib; path = ComboBox.xib; sourceTree = "<group>"; };
		3DB8C65718A97CF50044B6BA /* DataBase.h */ = {isa = PBXFileReference; fileEncoding = 4; lastKnownFileType = sourcecode.c.h; path = DataBase.h; sourceTree = "<group>"; };
		3DB8C65818A982280044B6BA /* libsqlite3.0.dylib */ = {isa = PBXFileReference; lastKnownFileType = "compiled.mach-o.dylib"; name = libsqlite3.0.dylib; path = usr/lib/libsqlite3.0.dylib; sourceTree = SDKROOT; };
		D4595A0C727A06AA57EF110F /* Subtitulados.swift */ = {isa = PBXFileReference; fileEncoding = 4; lastKnownFileType = sourcecode.swift; path = Subtitulados.swift; sourceTree = "<group>"; };
		3DC156CA18A952C90071C12F /* RandytheStudent.app */ = {isa = PBXFileReference; explicitFileType = wrapper.application; includeInIndex = 0; path = RandytheStudent.app; sourceTree = BUILT_PRODUCTS_DIR; };
		3DC156CD18A952C90071C12F /* Foundation.framework */ = {isa = PBXFileReference; lastKnownFileType = wrapper.framework; name = Foundation.framework; path = System/Library/Frameworks/Foundation.framework; sourceTree = SDKROOT; };
		3DC156CF18A952C90071C12F /* CoreGraphics.framework */ = {isa = PBXFileReference; lastKnownFileType = wrapper.framework; name = CoreGraphics.framework; path = System/Library/Frameworks/CoreGraphics.framework; sourceTree = SDKROOT; };
		3DC156D118A952C90071C12F /* UIKit.framework */ = {isa = PBXFileReference; lastKnownFileType = wrapper.framework; name = UIKit.framework; path = System/Library/Frameworks/UIKit.framework; sourceTree = SDKROOT; };
		3DC156D518A952C90071C12F /* RandytheStudent-Info.plist */ = {isa = PBXFileReference; lastKnownFileType = text.plist.xml; path = "RandytheStudent-Info.plist"; sourceTree = "<group>"; };
		3DC156D718A952C90071C12F /* en */ = {isa = PBXFileReference; lastKnownFileType = text.plist.strings; name = en; path = en.lproj/InfoPlist.strings; sourceTree = "<group>"; };
		3DC156D918A952C90071C12F /* main.m */ = {isa = PBXFileReference; lastKnownFileType = sourcecode.c.objc; path = main.m; sourceTree = "<group>"; };
		3DC156DB18A952C90071C12F /* RandytheStudent-Prefix.pch */ = {isa = PBXFileReference; lastKnownFileType = sourcecode.c.h; path = "RandytheStudent-Prefix.pch"; sourceTree = "<group>"; };
		D3F0B1AE00000000000000A1 /* RandyTheStudent-Bridging-Header.h */ = {isa = PBXFileReference; lastKnownFileType = sourcecode.c.h; path = "RandyTheStudent-Bridging-Header.h"; sourceTree = "<group>"; };
		3DC156DC18A952C90071C12F /* AppDelegate.h */ = {isa = PBXFileReference; lastKnownFileType = sourcecode.c.h; path = AppDelegate.h; sourceTree = "<group>"; };
		3DC156DD18A952C90071C12F /* AppDelegate.m */ = {isa = PBXFileReference; lastKnownFileType = sourcecode.c.objc; path = AppDelegate.m; sourceTree = "<group>"; };
		3DC156DF18A952C90071C12F /* Images.xcassets */ = {isa = PBXFileReference; lastKnownFileType = folder.assetcatalog; path = Images.xcassets; sourceTree = "<group>"; };
		3DC156E518A952C90071C12F /* RandyTheStudentTests.xctest */ = {isa = PBXFileReference; explicitFileType = wrapper.cfbundle; includeInIndex = 0; path = RandyTheStudentTests.xctest; sourceTree = BUILT_PRODUCTS_DIR; };
		3DC156E618A952C90071C12F /* XCTest.framework */ = {isa = PBXFileReference; lastKnownFileType = wrapper.framework; name = XCTest.framework; path = Library/Frameworks/XCTest.framework; sourceTree = DEVELOPER_DIR; };
		3DC156EE18A952C90071C12F /* RandytheStudent-Info.plist */ = {isa = PBXFileReference; lastKnownFileType = text.plist.xml; path = "RandytheStudent-Info.plist"; sourceTree = "<group>"; };
		3DC156F018A952C90071C12F /* en */ = {isa = PBXFileReference; lastKnownFileType = text.plist.strings; name = en; path = en.lproj/InfoPlist.strings; sourceTree = "<group>"; };
		3DC156F218A952C90071C12F /* RandyTheStudentTests.m */ = {isa = PBXFileReference; lastKnownFileType = sourcecode.c.objc; path = RandyTheStudentTests.m; sourceTree = "<group>"; };
		3DC156FE18A953650071C12F /* INT_Tittle.png */ = {isa = PBXFileReference; lastKnownFileType = image.png; path = INT_Tittle.png; sourceTree = "<group>"; };
		3DC156FF18A953650071C12F /* INT_Randy_solo.png */ = {isa = PBXFileReference; lastKnownFileType = image.png; path = INT_Randy_solo.png; sourceTree = "<group>"; };
		3DC1570018A953650071C12F /* INT_Notittle_randy.png */ = {isa = PBXFileReference; lastKnownFileType = image.png; path = INT_Notittle_randy.png; sourceTree = "<group>"; };
		3DC1570118A953650071C12F /* RandyMenu.h */ = {isa = PBXFileReference; fileEncoding = 4; lastKnownFileType = sourcecode.c.h; path = RandyMenu.h; sourceTree = "<group>"; };
		3DC1570218A953650071C12F /* RandyMenu.m */ = {isa = PBXFileReference; fileEncoding = 4; lastKnownFileType = sourcecode.c.objc; path = RandyMenu.m; sourceTree = "<group>"; };
		3DC1570318A953650071C12F /* RandyMenu.xib */ = {isa = PBXFileReference; fileEncoding = 4; lastKnownFileType = file.xib; path = RandyMenu.xib; sourceTree = "<group>"; };
		3DC1570418A953650071C12F /* RandyMenu_Iphone.xib */ = {isa = PBXFileReference; fileEncoding = 4; lastKnownFileType = file.xib; path = RandyMenu_Iphone.xib; sourceTree = "<group>"; };
		3DC1570C18A953A30071C12F /* INT_Randy_Main.png */ = {isa = PBXFileReference; lastKnownFileType = image.png; path = INT_Randy_Main.png; sourceTree = "<group>"; };
		3DC1570F18A9556C0071C12F /* Classes.h */ = {isa = PBXFileReference; fileEncoding = 4; lastKnownFileType = sourcecode.c.h; path = Classes.h; sourceTree = "<group>"; };
		3DC1571018A9556C0071C12F /* Classes.m */ = {isa = PBXFileReference; fileEncoding = 4; lastKnownFileType = sourcecode.c.objc; path = Classes.m; sourceTree = "<group>"; };
		3DC1571118A9556C0071C12F /* MainViewController_iPhone.xib */ = {isa = PBXFileReference; fileEncoding = 4; lastKnownFileType = file.xib; path = MainViewController_iPhone.xib; sourceTree = "<group>"; };
		3DC1571218A9556C0071C12F /* MainViewController_iPad.xib */ = {isa = PBXFileReference; fileEncoding = 4; lastKnownFileType = file.xib; path = MainViewController_iPad.xib; sourceTree = "<group>"; };
		3DC1571718A955AE0071C12F /* INT_Fondo_Randy.png */ = {isa = PBXFileReference; lastKnownFileType = image.png; path = INT_Fondo_Randy.png; sourceTree = "<group>"; };
		EC9ECD63F75D5850AA51AB0E /* Credits.swift */ = {isa = PBXFileReference; fileEncoding = 4; lastKnownFileType = sourcecode.swift; path = Credits.swift; sourceTree = "<group>"; };
		3DC5CCE819084533005EA65D /* Credits.xib */ = {isa = PBXFileReference; fileEncoding = 4; lastKnownFileType = file.xib; path = Credits.xib; sourceTree = "<group>"; };
		3DC5CCEB1908455D005EA65D /* INT_Pizarron_clean.png */ = {isa = PBXFileReference; lastKnownFileType = image.png; path = INT_Pizarron_clean.png; sourceTree = "<group>"; };
		C137F76D56B0BCFF73167D12 /* UserPreferences.swift */ = {isa = PBXFileReference; fileEncoding = 4; lastKnownFileType = sourcecode.swift; path = UserPreferences.swift; sourceTree = "<group>"; };
		75EC0C00CFE71573AD44BD56 /* SmoothedBIView.swift */ = {isa = PBXFileReference; fileEncoding = 4; lastKnownFileType = sourcecode.swift; path = SmoothedBIView.swift; sourceTree = "<group>"; };
		DFB0DFCABF9D0E270297F499 /* InfoCharts.swift */ = {isa = PBXFileReference; fileEncoding = 4; lastKnownFileType = sourcecode.swift; path = InfoCharts.swift; sourceTree = "<group>"; };
		86716C943C605D88745AC27C /* PrivacyInfo.xcprivacy */ = {isa = PBXFileReference; lastKnownFileType = text; path = PrivacyInfo.xcprivacy; sourceTree = "<group>"; };
/* End PBXFileReference section */

/* Begin PBXFrameworksBuildPhase section */
		3DC156C718A952C90071C12F /* Frameworks */ = {
			isa = PBXFrameworksBuildPhase;
			buildActionMask = 2147483647;
			files = (
				3DB8C65918A982280044B6BA /* libsqlite3.0.dylib in Frameworks */,
				3DC156D018A952C90071C12F /* CoreGraphics.framework in Frameworks */,
				3DC156D218A952C90071C12F /* UIKit.framework in Frameworks */,
				3DC156CE18A952C90071C12F /* Foundation.framework in Frameworks */,
			);
			runOnlyForDeploymentPostprocessing = 0;
		};
		3DC156E218A952C90071C12F /* Frameworks */ = {
			isa = PBXFrameworksBuildPhase;
			buildActionMask = 2147483647;
			files = (
				3DC156E718A952C90071C12F /* XCTest.framework in Frameworks */,
				3DC156E918A952C90071C12F /* UIKit.framework in Frameworks */,
				3DC156E818A952C90071C12F /* Foundation.framework in Frameworks */,
			);
			runOnlyForDeploymentPostprocessing = 0;
		};
/* End PBXFrameworksBuildPhase section */

/* Begin PBXGroup section */
		3DC156C118A952C90071C12F = {
			isa = PBXGroup;
			children = (
				3DC156D318A952C90071C12F /* RandyTheStudent */,
				3DC156EC18A952C90071C12F /* RandyTheStudentTests */,
				3DC156CC18A952C90071C12F /* Frameworks */,
				3DC156CB18A952C90071C12F /* Products */,
			);
			sourceTree = "<group>";
		};
		3DC156CB18A952C90071C12F /* Products */ = {
			isa = PBXGroup;
			children = (
				3DC156CA18A952C90071C12F /* RandytheStudent.app */,
				3DC156E518A952C90071C12F /* RandyTheStudentTests.xctest */,
			);
			name = Products;
			sourceTree = "<group>";
		};
		3DC156CC18A952C90071C12F /* Frameworks */ = {
			isa = PBXGroup;
			children = (
				3DB8C65818A982280044B6BA /* libsqlite3.0.dylib */,
				3DC156CD18A952C90071C12F /* Foundation.framework */,
				3DC156CF18A952C90071C12F /* CoreGraphics.framework */,
				3DC156D118A952C90071C12F /* UIKit.framework */,
				3DC156E618A952C90071C12F /* XCTest.framework */,
			);
			name = Frameworks;
			sourceTree = "<group>";
		};
		3DC156D318A952C90071C12F /* RandyTheStudent */ = {
			isa = PBXGroup;
			children = (
				3DC156FC18A952D10071C12F /* Clases */,
				3DC156FD18A952D60071C12F /* Controladores */,
				3DC156DC18A952C90071C12F /* AppDelegate.h */,
				3DC156DD18A952C90071C12F /* AppDelegate.m */,
				3DC156DF18A952C90071C12F /* Images.xcassets */,
				3DC156D418A952C90071C12F /* Supporting Files */,
			);
			path = RandyTheStudent;
			sourceTree = "<group>";
		};
		3DC156D418A952C90071C12F /* Supporting Files */ = {
			isa = PBXGroup;
			children = (
				3DC156D518A952C90071C12F /* RandytheStudent-Info.plist */,
				86716C943C605D88745AC27C /* PrivacyInfo.xcprivacy */,
				3DC156D618A952C90071C12F /* InfoPlist.strings */,
				3DC156D918A952C90071C12F /* main.m */,
				3DC156DB18A952C90071C12F /* RandytheStudent-Prefix.pch */,
				D3F0B1AE00000000000000A1 /* RandyTheStudent-Bridging-Header.h */,
			);
			name = "Supporting Files";
			sourceTree = "<group>";
		};
		3DC156EC18A952C90071C12F /* RandyTheStudentTests */ = {
			isa = PBXGroup;
			children = (
				3DC156F218A952C90071C12F /* RandyTheStudentTests.m */,
				3DC156ED18A952C90071C12F /* Supporting Files */,
			);
			path = RandyTheStudentTests;
			sourceTree = "<group>";
		};
		3DC156ED18A952C90071C12F /* Supporting Files */ = {
			isa = PBXGroup;
			children = (
				3DC156EE18A952C90071C12F /* RandytheStudent-Info.plist */,
				3DC156EF18A952C90071C12F /* InfoPlist.strings */,
			);
			name = "Supporting Files";
			sourceTree = "<group>";
		};
		3DC156FC18A952D10071C12F /* Clases */ = {
			isa = PBXGroup;
			children = (
				C137F76D56B0BCFF73167D12 /* UserPreferences.swift */,
				FD1EB054B3E2C5B75D5CB926 /* DataBase.swift */,
				8C63F4580BD7E81E160D199F /* BasicTable.swift */,
				3DB8C64D18A97A8A0044B6BA /* BasicTable.xib */,
				3DB8C64E18A97A8A0044B6BA /* arrow.png */,
				902E1A6BF15DE520B7643BC8 /* ComboBox.swift */,
				3DB8C65118A97A8A0044B6BA /* ComboBox.xib */,
				D4595A0C727A06AA57EF110F /* Subtitulados.swift */,
				DFB0DFCABF9D0E270297F499 /* InfoCharts.swift */,
				75EC0C00CFE71573AD44BD56 /* SmoothedBIView.swift */,
			);
			name = Classes;
			sourceTree = "<group>";
		};
		3DC156FD18A952D60071C12F /* Controladores */ = {
			isa = PBXGroup;
			children = (
				3DC1570B18A953810071C12F /* 01_RandyMenu */,
				3DC1570E18A955560071C12F /* 02_Classes */,
			);
			name = Controllers;
			sourceTree = "<group>";
		};
		3DC1570B18A953810071C12F /* 01_RandyMenu */ = {
			isa = PBXGroup;
			children = (
				3DC1570C18A953A30071C12F /* INT_Randy_Main.png */,
				3D5742CD18B426730060E1FA /* INT_Facebook.png */,
				3DC156FE18A953650071C12F /* INT_Tittle.png */,
				3DC156FF18A953650071C12F /* INT_Randy_solo.png */,
				3DC1570018A953650071C12F /* INT_Notittle_randy.png */,
				3DC1570118A953650071C12F /* RandyMenu.h */,
				3DC1570218A953650071C12F /* RandyMenu.m */,
				3DC1570318A953650071C12F /* RandyMenu.xib */,
				3DC1570418A953650071C12F /* RandyMenu_Iphone.xib */,
				3DC5CCE619084533005EA65D /* Credits.h */,
				3DC5CCE719084533005EA65D /* Credits.m */,
				3DC5CCE819084533005EA65D /* Credits.xib */,
				3DC5CCEB1908455D005EA65D /* INT_Pizarron_clean.png */,
			);
			name = 01_RandyMenu;
			sourceTree = "<group>";
		};
		3DC1570E18A955560071C12F /* 02_Classes */ = {
			isa = PBXGroup;
			children = (
				3DC1571718A955AE0071C12F /* INT_Fondo_Randy.png */,
				3DC1570F18A9556C0071C12F /* Classes.h */,
				3DC1571018A9556C0071C12F /* Classes.m */,
				3DC1571118A9556C0071C12F /* MainViewController_iPhone.xib */,
				3DC1571218A9556C0071C12F /* MainViewController_iPad.xib */,
			);
			name = 02_Classes;
			sourceTree = "<group>";
		};
/* End PBXGroup section */

/* Begin PBXNativeTarget section */
		3DC156C918A952C90071C12F /* RandyTheStudent */ = {
			isa = PBXNativeTarget;
			buildConfigurationList = 3DC156F618A952C90071C12F /* Build configuration list for PBXNativeTarget "RandyTheStudent" */;
			buildPhases = (
				3DC156C618A952C90071C12F /* Sources */,
				3DC156C718A952C90071C12F /* Frameworks */,
				3DC156C818A952C90071C12F /* Resources */,
			);
			buildRules = (
			);
			dependencies = (
			);
			name = RandyTheStudent;
			productName = RandyTheStudent;
			productReference = 3DC156CA18A952C90071C12F /* RandytheStudent.app */;
			productType = "com.apple.product-type.application";
		};
		3DC156E418A952C90071C12F /* RandyTheStudentTests */ = {
			isa = PBXNativeTarget;
			buildConfigurationList = 3DC156F918A952C90071C12F /* Build configuration list for PBXNativeTarget "RandyTheStudentTests" */;
			buildPhases = (
				3DC156E118A952C90071C12F /* Sources */,
				3DC156E218A952C90071C12F /* Frameworks */,
				3DC156E318A952C90071C12F /* Resources */,
			);
			buildRules = (
			);
			dependencies = (
				3DC156EB18A952C90071C12F /* PBXTargetDependency */,
			);
			name = RandyTheStudentTests;
			productName = RandyTheStudentTests;
			productReference = 3DC156E518A952C90071C12F /* RandyTheStudentTests.xctest */;
			productType = "com.apple.product-type.bundle.unit-test";
		};
/* End PBXNativeTarget section */

/* Begin PBXProject section */
		3DC156C218A952C90071C12F /* Project object */ = {
			isa = PBXProject;
			attributes = {
				LastUpgradeCheck = 0510;
				ORGANIZATIONNAME = "Enrique Galicia";
				TargetAttributes = {
					3DC156C918A952C90071C12F = {
						DevelopmentTeam = M4T54FHTC9;
						ProvisioningStyle = Automatic;
					};
					3DC156E418A952C90071C12F = {
						DevelopmentTeam = M4T54FHTC9;
						ProvisioningStyle = Automatic;
						TestTargetID = 3DC156C918A952C90071C12F;
					};
				};
			};
			buildConfigurationList = 3DC156C518A952C90071C12F /* Build configuration list for PBXProject "RandytheStudent" */;
			compatibilityVersion = "Xcode 3.2";
			developmentRegion = English;
			hasScannedForEncodings = 0;
			knownRegions = (
				English,
				en,
			);
			mainGroup = 3DC156C118A952C90071C12F;
			productRefGroup = 3DC156CB18A952C90071C12F /* Products */;
			projectDirPath = "";
			projectRoot = "";
			targets = (
				3DC156C918A952C90071C12F /* RandyTheStudent */,
				3DC156E418A952C90071C12F /* RandyTheStudentTests */,
			);
		};
/* End PBXProject section */

/* Begin PBXResourcesBuildPhase section */
		3DC156C818A952C90071C12F /* Resources */ = {
			isa = PBXResourcesBuildPhase;
			buildActionMask = 2147483647;
			files = (
				3DC1571418A9556C0071C12F /* MainViewController_iPhone.xib in Resources */,
				3DB8C65618A97A8B0044B6BA /* ComboBox.xib in Resources */,
				3DC1570A18A953650071C12F /* RandyMenu_Iphone.xib in Resources */,
				3DC1571818A955AE0071C12F /* INT_Fondo_Randy.png in Resources */,
				3DC5CCEC1908455D005EA65D /* INT_Pizarron_clean.png in Resources */,
				3DC1570D18A953A30071C12F /* INT_Randy_Main.png in Resources */,
				3DB8C65418A97A8A0044B6BA /* arrow.png in Resources */,
				3D5742CE18B426730060E1FA /* INT_Facebook.png in Resources */,
				3DC1570718A953650071C12F /* INT_Notittle_randy.png in Resources */,
				3DC1570518A953650071C12F /* INT_Tittle.png in Resources */,
				3DC1570618A953650071C12F /* INT_Randy_solo.png in Resources */,
				3DC5CCEA19084533005EA65D /* Credits.xib in Resources */,
				3DC1570918A953650071C12F /* RandyMenu.xib in Resources */,
				3DC1571518A9556C0071C12F /* MainViewController_iPad.xib in Resources */,
				3DC156D818A952C90071C12F /* InfoPlist.strings in Resources */,
				3DC156E018A952C90071C12F /* Images.xcassets in Resources */,
				3DB8C65318A97A8A0044B6BA /* BasicTable.xib in Resources */,
				BE054431BA6E7807A067F9C8 /* PrivacyInfo.xcprivacy in Resources */,
			);
			runOnlyForDeploymentPostprocessing = 0;
		};
		3DC156E318A952C90071C12F /* Resources */ = {
			isa = PBXResourcesBuildPhase;
			buildActionMask = 2147483647;
			files = (
				3DC156F118A952C90071C12F /* InfoPlist.strings in Resources */,
			);
			runOnlyForDeploymentPostprocessing = 0;
		};
/* End PBXResourcesBuildPhase section */

/* Begin PBXSourcesBuildPhase section */
		3DC156C618A952C90071C12F /* Sources */ = {
			isa = PBXSourcesBuildPhase;
			buildActionMask = 2147483647;
			files = (
				3BDEF949FE2A50A1C57A1D43 /* Subtitulados.swift in Sources */,
				3DC156DE18A952C90071C12F /* AppDelegate.m in Sources */,
				75F16E276512442AFBA15BE2 /* InfoCharts.swift in Sources */,
				3112F81B393366A1B1A8E94B /* UserPreferences.swift in Sources */,
				C41E518A9EAAF4978DA68337 /* DataBase.swift in Sources */,
				254358B7F72E5D2D92819ECA /* SmoothedBIView.swift in Sources */,
				A5BDAF588AB8030B5D20AD54 /* BasicTable.swift in Sources */,
				3DC156DA18A952C90071C12F /* main.m in Sources */,
				3DC1570818A953650071C12F /* RandyMenu.m in Sources */,
				F1324F35DA7D84B32EB808E6 /* ComboBox.swift in Sources */,
				3DC5CCE919084533005EA65D /* Credits.m in Sources */,
				3DC1571318A9556C0071C12F /* Classes.m in Sources */,
			);
			runOnlyForDeploymentPostprocessing = 0;
		};
		3DC156E118A952C90071C12F /* Sources */ = {
			isa = PBXSourcesBuildPhase;
			buildActionMask = 2147483647;
			files = (
				3DC156F318A952C90071C12F /* RandyTheStudentTests.m in Sources */,
			);
			runOnlyForDeploymentPostprocessing = 0;
		};
/* End PBXSourcesBuildPhase section */

/* Begin PBXTargetDependency section */
		3DC156EB18A952C90071C12F /* PBXTargetDependency */ = {
			isa = PBXTargetDependency;
			target = 3DC156C918A952C90071C12F /* RandyTheStudent */;
			targetProxy = 3DC156EA18A952C90071C12F /* PBXContainerItemProxy */;
		};
/* End PBXTargetDependency section */

/* Begin PBXVariantGroup section */
		3DC156D618A952C90071C12F /* InfoPlist.strings */ = {
			isa = PBXVariantGroup;
			children = (
				3DC156D718A952C90071C12F /* en */,
			);
			name = InfoPlist.strings;
			sourceTree = "<group>";
		};
		3DC156EF18A952C90071C12F /* InfoPlist.strings */ = {
			isa = PBXVariantGroup;
			children = (
				3DC156F018A952C90071C12F /* en */,
			);
			name = InfoPlist.strings;
			sourceTree = "<group>";
		};
/* End PBXVariantGroup section */

/* Begin XCBuildConfiguration section */
		3DC156F418A952C90071C12F /* Debug */ = {
			isa = XCBuildConfiguration;
			buildSettings = {
				ALWAYS_SEARCH_USER_PATHS = NO;
				CLANG_CXX_LANGUAGE_STANDARD = "gnu++0x";
				CLANG_CXX_LIBRARY = "libc++";
				CLANG_ENABLE_MODULES = YES;
				CLANG_ENABLE_OBJC_ARC = YES;
				CLANG_WARN_BOOL_CONVERSION = YES;
				CLANG_WARN_CONSTANT_CONVERSION = YES;
				CLANG_WARN_DIRECT_OBJC_ISA_USAGE = YES_ERROR;
				CLANG_WARN_EMPTY_BODY = YES;
				CLANG_WARN_ENUM_CONVERSION = YES;
				CLANG_WARN_INT_CONVERSION = YES;
				CLANG_WARN_OBJC_ROOT_CLASS = YES_ERROR;
				CLANG_WARN__DUPLICATE_METHOD_MATCH = YES;
				CLANG_ENABLE_OBJC_WEAK = YES;
				CLANG_WARN_INFINITE_RECURSION = YES;
				CLANG_WARN_SUSPICIOUS_MOVE = YES;
				CLANG_WARN_UNREACHABLE_CODE = YES;
				CODE_SIGN_STYLE = Automatic;
				COPY_PHASE_STRIP = NO;
				ENABLE_STRICT_OBJC_MSGSEND = YES;
				GCC_C_LANGUAGE_STANDARD = gnu99;
				GCC_DYNAMIC_NO_PIC = NO;
				GCC_NO_COMMON_BLOCKS = YES;
				GCC_OPTIMIZATION_LEVEL = 0;
				GCC_PREPROCESSOR_DEFINITIONS = (
					"DEBUG=1",
					"$(inherited)",
				);
				GCC_SYMBOLS_PRIVATE_EXTERN = NO;
				GCC_WARN_64_TO_32_BIT_CONVERSION = YES;
				GCC_WARN_ABOUT_RETURN_TYPE = YES_ERROR;
				GCC_WARN_UNDECLARED_SELECTOR = YES;
				GCC_WARN_UNINITIALIZED_AUTOS = YES;
				GCC_WARN_UNUSED_FUNCTION = YES;
				GCC_WARN_UNUSED_VARIABLE = YES;
				IPHONEOS_DEPLOYMENT_TARGET = 17.0;
				ONLY_ACTIVE_ARCH = YES;
				SDKROOT = iphoneos;
				TARGETED_DEVICE_FAMILY = "1,2";
			};
			name = Debug;
		};
		3DC156F518A952C90071C12F /* Release */ = {
			isa = XCBuildConfiguration;
			buildSettings = {
				ALWAYS_SEARCH_USER_PATHS = NO;
				CLANG_CXX_LANGUAGE_STANDARD = "gnu++0x";
				CLANG_CXX_LIBRARY = "libc++";
				CLANG_ENABLE_MODULES = YES;
				CLANG_ENABLE_OBJC_ARC = YES;
				CLANG_WARN_BOOL_CONVERSION = YES;
				CLANG_WARN_CONSTANT_CONVERSION = YES;
				CLANG_WARN_DIRECT_OBJC_ISA_USAGE = YES_ERROR;
				CLANG_WARN_EMPTY_BODY = YES;
				CLANG_WARN_ENUM_CONVERSION = YES;
				CLANG_WARN_INT_CONVERSION = YES;
				CLANG_WARN_OBJC_ROOT_CLASS = YES_ERROR;
				CLANG_WARN__DUPLICATE_METHOD_MATCH = YES;
				CLANG_ENABLE_OBJC_WEAK = YES;
				CLANG_WARN_INFINITE_RECURSION = YES;
				CLANG_WARN_SUSPICIOUS_MOVE = YES;
				CLANG_WARN_UNREACHABLE_CODE = YES;
				CODE_SIGN_STYLE = Automatic;
				COPY_PHASE_STRIP = YES;
				ENABLE_NS_ASSERTIONS = NO;
				ENABLE_STRICT_OBJC_MSGSEND = YES;
				GCC_C_LANGUAGE_STANDARD = gnu99;
				GCC_NO_COMMON_BLOCKS = YES;
				GCC_WARN_64_TO_32_BIT_CONVERSION = YES;
				GCC_WARN_ABOUT_RETURN_TYPE = YES_ERROR;
				GCC_WARN_UNDECLARED_SELECTOR = YES;
				GCC_WARN_UNINITIALIZED_AUTOS = YES;
				GCC_WARN_UNUSED_FUNCTION = YES;
				GCC_WARN_UNUSED_VARIABLE = YES;
				IPHONEOS_DEPLOYMENT_TARGET = 17.0;
				SDKROOT = iphoneos;
				TARGETED_DEVICE_FAMILY = "1,2";
				VALIDATE_PRODUCT = YES;
			};
			name = Release;
		};
		3DC156F718A952C90071C12F /* Debug */ = {
			isa = XCBuildConfiguration;
			buildSettings = {
				ASSETCATALOG_COMPILER_APPICON_NAME = AppIcon;
				ASSETCATALOG_COMPILER_GLOBAL_ACCENT_COLOR_NAME = AccentColor;
				CODE_SIGN_IDENTITY = "Apple Development";
				CODE_SIGN_STYLE = Automatic;
				CURRENT_PROJECT_VERSION = 1;
				DEVELOPMENT_TEAM = M4T54FHTC9;
				DEFINES_MODULE = YES;
				GCC_PRECOMPILE_PREFIX_HEADER = YES;
				GCC_PREFIX_HEADER = "RandyTheStudent/RandytheStudent-Prefix.pch";
				INFOPLIST_FILE = "$(SRCROOT)/RandyTheStudent/RandytheStudent-Info.plist";
				IPHONEOS_DEPLOYMENT_TARGET = 17.0;
				PRODUCT_NAME = RandytheStudent;
				SWIFT_OBJC_BRIDGING_HEADER = "RandyTheStudent/RandyTheStudent-Bridging-Header.h";
				SWIFT_VERSION = 5.0;
				TARGETED_DEVICE_FAMILY = "1,2";
				VERSIONING_SYSTEM = "apple-generic";
				WRAPPER_EXTENSION = app;
			};
			name = Debug;
		};
		3DC156F818A952C90071C12F /* Release */ = {
			isa = XCBuildConfiguration;
			buildSettings = {
				ASSETCATALOG_COMPILER_APPICON_NAME = AppIcon;
				ASSETCATALOG_COMPILER_GLOBAL_ACCENT_COLOR_NAME = AccentColor;
				CODE_SIGN_IDENTITY = "Apple Development";
				CODE_SIGN_STYLE = Automatic;
				CURRENT_PROJECT_VERSION = 1;
				DEVELOPMENT_TEAM = M4T54FHTC9;
				DEFINES_MODULE = YES;
				GCC_PRECOMPILE_PREFIX_HEADER = YES;
				GCC_PREFIX_HEADER = "RandyTheStudent/RandytheStudent-Prefix.pch";
				INFOPLIST_FILE = "$(SRCROOT)/RandyTheStudent/RandytheStudent-Info.plist";
				IPHONEOS_DEPLOYMENT_TARGET = 17.0;
				PRODUCT_NAME = RandytheStudent;
				SWIFT_OBJC_BRIDGING_HEADER = "RandyTheStudent/RandyTheStudent-Bridging-Header.h";
				SWIFT_VERSION = 5.0;
				TARGETED_DEVICE_FAMILY = "1,2";
				VERSIONING_SYSTEM = "apple-generic";
				WRAPPER_EXTENSION = app;
			};
			name = Release;
		};
		3DC156FA18A952C90071C12F /* Debug */ = {
			isa = XCBuildConfiguration;
			buildSettings = {
				BUNDLE_LOADER = "$(TEST_HOST)";
				CODE_SIGN_STYLE = Automatic;
				DEVELOPMENT_TEAM = M4T54FHTC9;
				FRAMEWORK_SEARCH_PATHS = (
					"$(SDKROOT)/Developer/Library/Frameworks",
					"$(inherited)",
					"$(DEVELOPER_FRAMEWORKS_DIR)",
				);
				GCC_PRECOMPILE_PREFIX_HEADER = YES;
				GCC_PREFIX_HEADER = "RandyTheStudent/RandyTheStudent-Prefix.pch";
				GCC_PREPROCESSOR_DEFINITIONS = (
					"DEBUG=1",
					"$(inherited)",
				);
				INFOPLIST_FILE = "RandyTheStudentTests/RandytheStudent-Info.plist";
				PRODUCT_BUNDLE_IDENTIFIER = com.Magnificent.RandyTheStudentTests;
				PRODUCT_NAME = "$(TARGET_NAME)";
				TEST_HOST = "$(BUILT_PRODUCTS_DIR)/RandytheStudent.app/RandytheStudent";
				WRAPPER_EXTENSION = xctest;
			};
			name = Debug;
		};
		3DC156FB18A952C90071C12F /* Release */ = {
			isa = XCBuildConfiguration;
			buildSettings = {
				BUNDLE_LOADER = "$(TEST_HOST)";
				CODE_SIGN_STYLE = Automatic;
				DEVELOPMENT_TEAM = M4T54FHTC9;
				FRAMEWORK_SEARCH_PATHS = (
					"$(SDKROOT)/Developer/Library/Frameworks",
					"$(inherited)",
					"$(DEVELOPER_FRAMEWORKS_DIR)",
				);
				GCC_PRECOMPILE_PREFIX_HEADER = YES;
				GCC_PREFIX_HEADER = "RandyTheStudent/RandyTheStudent-Prefix.pch";
				INFOPLIST_FILE = "RandyTheStudentTests/RandytheStudent-Info.plist";
				PRODUCT_BUNDLE_IDENTIFIER = com.Magnificent.RandyTheStudentTests;
				PRODUCT_NAME = "$(TARGET_NAME)";
				TEST_HOST = "$(BUILT_PRODUCTS_DIR)/RandytheStudent.app/RandytheStudent";
				WRAPPER_EXTENSION = xctest;
			};
			name = Release;
		};
/* End XCBuildConfiguration section */

/* Begin XCConfigurationList section */
		3DC156C518A952C90071C12F /* Build configuration list for PBXProject "RandytheStudent" */ = {
			isa = XCConfigurationList;
			buildConfigurations = (
				3DC156F418A952C90071C12F /* Debug */,
				3DC156F518A952C90071C12F /* Release */,
			);
			defaultConfigurationIsVisible = 0;
			defaultConfigurationName = Release;
		};
		3DC156F618A952C90071C12F /* Build configuration list for PBXNativeTarget "RandyTheStudent" */ = {
			isa = XCConfigurationList;
			buildConfigurations = (
				3DC156F718A952C90071C12F /* Debug */,
				3DC156F818A952C90071C12F /* Release */,
			);
			defaultConfigurationIsVisible = 0;
			defaultConfigurationName = Release;
		};
		3DC156F918A952C90071C12F /* Build configuration list for PBXNativeTarget "RandyTheStudentTests" */ = {
			isa = XCConfigurationList;
			buildConfigurations = (
				3DC156FA18A952C90071C12F /* Debug */,
				3DC156FB18A952C90071C12F /* Release */,
			);
			defaultConfigurationIsVisible = 0;
			defaultConfigurationName = Release;
		};
/* End XCConfigurationList section */
	};
	rootObject = 3DC156C218A952C90071C12F /* Project object */;
}
